
Microsoft Visual Studio Solution File, Format Version 12.00
Project("{2150E333-8FDC-42A3-9474-1A3956D46DE8}") = "processes", "processes", "{30AA679F-7CF6-4FBE-9A13-BEF98BCFE3D2}"
EndProject
Project("{2150E333-8FDC-42A3-9474-1A3956D46DE8}") = "clients", "clients", "{B84A3CAB-AC86-4B2D-A490-79E1002350FF}"
EndProject
Project("{FAE04EC0-301F-11D3-BF4B-00C04F79EFBC}") = "Dim.Clients", "clients\Dim.Clients\Dim.Clients.csproj", "{8356C7AF-6F88-4A62-B3E9-5656634A6FEA}"
EndProject
Project("{FAE04EC0-301F-11D3-BF4B-00C04F79EFBC}") = "Processes.Library", "processes\Processes.Library\Processes.Library.csproj", "{BFDDFCF5-8F35-4348-A568-57D8E34DF289}"
EndProject
Project("{FAE04EC0-301F-11D3-BF4B-00C04F79EFBC}") = "Processes.Worker", "processes\Processes.Worker\Processes.Worker.csproj", "{E5F65B6F-BD8F-4FAF-80A2-69C9DA20DCC2}"
EndProject
Project("{FAE04EC0-301F-11D3-BF4B-00C04F79EFBC}") = "Processes.Worker.Library", "processes\Processes.Worker.Library\Processes.Worker.Library.csproj", "{4F40B8F2-12D4-403B-B666-8F0540354455}"
EndProject
Project("{2150E333-8FDC-42A3-9474-1A3956D46DE8}") = "database", "database", "{4A305F87-23B4-4929-B138-4B7D2710526F}"
EndProject
Project("{FAE04EC0-301F-11D3-BF4B-00C04F79EFBC}") = "Dim.DbAccess", "database\Dim.DbAccess\Dim.DbAccess.csproj", "{6984539B-7B5A-481E-A955-3AE537D43166}"
EndProject
Project("{FAE04EC0-301F-11D3-BF4B-00C04F79EFBC}") = "Dim.Entities", "database\Dim.Entities\Dim.Entities.csproj", "{0A85DB84-41A0-4EE0-815B-D922329A8BCA}"
EndProject
Project("{FAE04EC0-301F-11D3-BF4B-00C04F79EFBC}") = "DimProcess.Executor", "processes\DimProcess.Executor\DimProcess.Executor.csproj", "{41AA384E-E433-440E-A02E-83F03AC98A63}"
EndProject
Project("{FAE04EC0-301F-11D3-BF4B-00C04F79EFBC}") = "DimProcess.Library", "processes\DimProcess.Library\DimProcess.Library.csproj", "{F14C5E02-DC54-4A27-B2DE-513A644E6473}"
EndProject
Project("{FAE04EC0-301F-11D3-BF4B-00C04F79EFBC}") = "Dim.Migrations", "database\Dim.Migrations\Dim.Migrations.csproj", "{1621A06B-9AF2-421C-BB48-08028560E108}"
EndProject
Project("{2150E333-8FDC-42A3-9474-1A3956D46DE8}") = "web", "web", "{D20B95EF-D7D9-45BA-B5A4-C8D3B64AC745}"
EndProject
Project("{FAE04EC0-301F-11D3-BF4B-00C04F79EFBC}") = "Dim.Web", "web\Dim.Web\Dim.Web.csproj", "{1B50DC13-DB8A-41CF-9D40-A8740B068AC2}"
EndProject
Project("{2150E333-8FDC-42A3-9474-1A3956D46DE8}") = "tests", "tests", "{CB1B7D43-9AFC-47EF-8915-A547F7F553AB}"
EndProject
Project("{FAE04EC0-301F-11D3-BF4B-00C04F79EFBC}") = "Processes.Library.Tests", "..\tests\processes\Processes.Library.Tests\Processes.Library.Tests.csproj", "{AA29EECC-CD77-4452-B48E-CC038E4FBB69}"
EndProject
Project("{FAE04EC0-301F-11D3-BF4B-00C04F79EFBC}") = "Processes.Worker.Library.Tests", "..\tests\processes\Processes.Worker.Library.Tests\Processes.Worker.Library.Tests.csproj", "{9888C703-CC13-47EB-89F0-B8A34D64BD07}"
EndProject
Project("{FAE04EC0-301F-11D3-BF4B-00C04F79EFBC}") = "Tests.Shared", "..\tests\shared\Tests.Shared\Tests.Shared.csproj", "{0D288AF0-1CE5-4B2B-9F80-532040F24BCF}"
EndProject
Project("{FAE04EC0-301F-11D3-BF4B-00C04F79EFBC}") = "DimProcess.Executor.Tests", "..\tests\processes\DimProcess.Executor.Tests\DimProcess.Executor.Tests.csproj", "{A44447B0-794D-451A-A571-E3B761174B48}"
EndProject
Project("{FAE04EC0-301F-11D3-BF4B-00C04F79EFBC}") = "DimProcess.Library.Tests", "..\tests\processes\DimProcess.Library.Tests\DimProcess.Library.Tests.csproj", "{85D316A0-17BE-4983-AB06-5C72365ABD9B}"
EndProject
Global
	GlobalSection(SolutionConfigurationPlatforms) = preSolution
		Debug|Any CPU = Debug|Any CPU
		Release|Any CPU = Release|Any CPU
	EndGlobalSection
	GlobalSection(ProjectConfigurationPlatforms) = postSolution
		{8356C7AF-6F88-4A62-B3E9-5656634A6FEA}.Debug|Any CPU.ActiveCfg = Debug|Any CPU
		{8356C7AF-6F88-4A62-B3E9-5656634A6FEA}.Debug|Any CPU.Build.0 = Debug|Any CPU
		{8356C7AF-6F88-4A62-B3E9-5656634A6FEA}.Release|Any CPU.ActiveCfg = Release|Any CPU
		{8356C7AF-6F88-4A62-B3E9-5656634A6FEA}.Release|Any CPU.Build.0 = Release|Any CPU
		{BFDDFCF5-8F35-4348-A568-57D8E34DF289}.Debug|Any CPU.ActiveCfg = Debug|Any CPU
		{BFDDFCF5-8F35-4348-A568-57D8E34DF289}.Debug|Any CPU.Build.0 = Debug|Any CPU
		{BFDDFCF5-8F35-4348-A568-57D8E34DF289}.Release|Any CPU.ActiveCfg = Release|Any CPU
		{BFDDFCF5-8F35-4348-A568-57D8E34DF289}.Release|Any CPU.Build.0 = Release|Any CPU
		{E5F65B6F-BD8F-4FAF-80A2-69C9DA20DCC2}.Debug|Any CPU.ActiveCfg = Debug|Any CPU
		{E5F65B6F-BD8F-4FAF-80A2-69C9DA20DCC2}.Debug|Any CPU.Build.0 = Debug|Any CPU
		{E5F65B6F-BD8F-4FAF-80A2-69C9DA20DCC2}.Release|Any CPU.ActiveCfg = Release|Any CPU
		{E5F65B6F-BD8F-4FAF-80A2-69C9DA20DCC2}.Release|Any CPU.Build.0 = Release|Any CPU
		{4F40B8F2-12D4-403B-B666-8F0540354455}.Debug|Any CPU.ActiveCfg = Debug|Any CPU
		{4F40B8F2-12D4-403B-B666-8F0540354455}.Debug|Any CPU.Build.0 = Debug|Any CPU
		{4F40B8F2-12D4-403B-B666-8F0540354455}.Release|Any CPU.ActiveCfg = Release|Any CPU
		{4F40B8F2-12D4-403B-B666-8F0540354455}.Release|Any CPU.Build.0 = Release|Any CPU
		{6984539B-7B5A-481E-A955-3AE537D43166}.Debug|Any CPU.ActiveCfg = Debug|Any CPU
		{6984539B-7B5A-481E-A955-3AE537D43166}.Debug|Any CPU.Build.0 = Debug|Any CPU
		{6984539B-7B5A-481E-A955-3AE537D43166}.Release|Any CPU.ActiveCfg = Release|Any CPU
		{6984539B-7B5A-481E-A955-3AE537D43166}.Release|Any CPU.Build.0 = Release|Any CPU
		{0A85DB84-41A0-4EE0-815B-D922329A8BCA}.Debug|Any CPU.ActiveCfg = Debug|Any CPU
		{0A85DB84-41A0-4EE0-815B-D922329A8BCA}.Debug|Any CPU.Build.0 = Debug|Any CPU
		{0A85DB84-41A0-4EE0-815B-D922329A8BCA}.Release|Any CPU.ActiveCfg = Release|Any CPU
		{0A85DB84-41A0-4EE0-815B-D922329A8BCA}.Release|Any CPU.Build.0 = Release|Any CPU
		{41AA384E-E433-440E-A02E-83F03AC98A63}.Debug|Any CPU.ActiveCfg = Debug|Any CPU
		{41AA384E-E433-440E-A02E-83F03AC98A63}.Debug|Any CPU.Build.0 = Debug|Any CPU
		{41AA384E-E433-440E-A02E-83F03AC98A63}.Release|Any CPU.ActiveCfg = Release|Any CPU
		{41AA384E-E433-440E-A02E-83F03AC98A63}.Release|Any CPU.Build.0 = Release|Any CPU
		{F14C5E02-DC54-4A27-B2DE-513A644E6473}.Debug|Any CPU.ActiveCfg = Debug|Any CPU
		{F14C5E02-DC54-4A27-B2DE-513A644E6473}.Debug|Any CPU.Build.0 = Debug|Any CPU
		{F14C5E02-DC54-4A27-B2DE-513A644E6473}.Release|Any CPU.ActiveCfg = Release|Any CPU
		{F14C5E02-DC54-4A27-B2DE-513A644E6473}.Release|Any CPU.Build.0 = Release|Any CPU
		{1621A06B-9AF2-421C-BB48-08028560E108}.Debug|Any CPU.ActiveCfg = Debug|Any CPU
		{1621A06B-9AF2-421C-BB48-08028560E108}.Debug|Any CPU.Build.0 = Debug|Any CPU
		{1621A06B-9AF2-421C-BB48-08028560E108}.Release|Any CPU.ActiveCfg = Release|Any CPU
		{1621A06B-9AF2-421C-BB48-08028560E108}.Release|Any CPU.Build.0 = Release|Any CPU
		{1B50DC13-DB8A-41CF-9D40-A8740B068AC2}.Debug|Any CPU.ActiveCfg = Debug|Any CPU
		{1B50DC13-DB8A-41CF-9D40-A8740B068AC2}.Debug|Any CPU.Build.0 = Debug|Any CPU
		{1B50DC13-DB8A-41CF-9D40-A8740B068AC2}.Release|Any CPU.ActiveCfg = Release|Any CPU
		{1B50DC13-DB8A-41CF-9D40-A8740B068AC2}.Release|Any CPU.Build.0 = Release|Any CPU
		{AA29EECC-CD77-4452-B48E-CC038E4FBB69}.Debug|Any CPU.ActiveCfg = Debug|Any CPU
		{AA29EECC-CD77-4452-B48E-CC038E4FBB69}.Debug|Any CPU.Build.0 = Debug|Any CPU
		{AA29EECC-CD77-4452-B48E-CC038E4FBB69}.Release|Any CPU.ActiveCfg = Release|Any CPU
		{AA29EECC-CD77-4452-B48E-CC038E4FBB69}.Release|Any CPU.Build.0 = Release|Any CPU
		{9888C703-CC13-47EB-89F0-B8A34D64BD07}.Debug|Any CPU.ActiveCfg = Debug|Any CPU
		{9888C703-CC13-47EB-89F0-B8A34D64BD07}.Debug|Any CPU.Build.0 = Debug|Any CPU
		{9888C703-CC13-47EB-89F0-B8A34D64BD07}.Release|Any CPU.ActiveCfg = Release|Any CPU
		{9888C703-CC13-47EB-89F0-B8A34D64BD07}.Release|Any CPU.Build.0 = Release|Any CPU
		{0D288AF0-1CE5-4B2B-9F80-532040F24BCF}.Debug|Any CPU.ActiveCfg = Debug|Any CPU
		{0D288AF0-1CE5-4B2B-9F80-532040F24BCF}.Debug|Any CPU.Build.0 = Debug|Any CPU
		{0D288AF0-1CE5-4B2B-9F80-532040F24BCF}.Release|Any CPU.ActiveCfg = Release|Any CPU
		{0D288AF0-1CE5-4B2B-9F80-532040F24BCF}.Release|Any CPU.Build.0 = Release|Any CPU
		{A44447B0-794D-451A-A571-E3B761174B48}.Debug|Any CPU.ActiveCfg = Debug|Any CPU
		{A44447B0-794D-451A-A571-E3B761174B48}.Debug|Any CPU.Build.0 = Debug|Any CPU
		{A44447B0-794D-451A-A571-E3B761174B48}.Release|Any CPU.ActiveCfg = Release|Any CPU
		{A44447B0-794D-451A-A571-E3B761174B48}.Release|Any CPU.Build.0 = Release|Any CPU
		{85D316A0-17BE-4983-AB06-5C72365ABD9B}.Debug|Any CPU.ActiveCfg = Debug|Any CPU
		{85D316A0-17BE-4983-AB06-5C72365ABD9B}.Debug|Any CPU.Build.0 = Debug|Any CPU
		{85D316A0-17BE-4983-AB06-5C72365ABD9B}.Release|Any CPU.ActiveCfg = Release|Any CPU
		{85D316A0-17BE-4983-AB06-5C72365ABD9B}.Release|Any CPU.Build.0 = Release|Any CPU
	EndGlobalSection
	GlobalSection(NestedProjects) = preSolution
		{8356C7AF-6F88-4A62-B3E9-5656634A6FEA} = {B84A3CAB-AC86-4B2D-A490-79E1002350FF}
		{BFDDFCF5-8F35-4348-A568-57D8E34DF289} = {30AA679F-7CF6-4FBE-9A13-BEF98BCFE3D2}
		{E5F65B6F-BD8F-4FAF-80A2-69C9DA20DCC2} = {30AA679F-7CF6-4FBE-9A13-BEF98BCFE3D2}
		{4F40B8F2-12D4-403B-B666-8F0540354455} = {30AA679F-7CF6-4FBE-9A13-BEF98BCFE3D2}
		{6984539B-7B5A-481E-A955-3AE537D43166} = {4A305F87-23B4-4929-B138-4B7D2710526F}
		{0A85DB84-41A0-4EE0-815B-D922329A8BCA} = {4A305F87-23B4-4929-B138-4B7D2710526F}
		{41AA384E-E433-440E-A02E-83F03AC98A63} = {30AA679F-7CF6-4FBE-9A13-BEF98BCFE3D2}
		{F14C5E02-DC54-4A27-B2DE-513A644E6473} = {30AA679F-7CF6-4FBE-9A13-BEF98BCFE3D2}
		{1621A06B-9AF2-421C-BB48-08028560E108} = {4A305F87-23B4-4929-B138-4B7D2710526F}
		{1B50DC13-DB8A-41CF-9D40-A8740B068AC2} = {D20B95EF-D7D9-45BA-B5A4-C8D3B64AC745}
		{AA29EECC-CD77-4452-B48E-CC038E4FBB69} = {CB1B7D43-9AFC-47EF-8915-A547F7F553AB}
		{9888C703-CC13-47EB-89F0-B8A34D64BD07} = {CB1B7D43-9AFC-47EF-8915-A547F7F553AB}
		{0D288AF0-1CE5-4B2B-9F80-532040F24BCF} = {CB1B7D43-9AFC-47EF-8915-A547F7F553AB}
		{A44447B0-794D-451A-A571-E3B761174B48} = {CB1B7D43-9AFC-47EF-8915-A547F7F553AB}
		{85D316A0-17BE-4983-AB06-5C72365ABD9B} = {CB1B7D43-9AFC-47EF-8915-A547F7F553AB}
	EndGlobalSection
EndGlobal
